
Microsoft Visual Studio Solution File, Format Version 12.00
Project("{FAE04EC0-301F-11D3-BF4B-00C04F79EFBC}") = "UnionPatcher.Gui", "UnionPatcher.Gui\UnionPatcher.Gui.csproj", "{235B4DEC-11A0-42EF-9B8D-16529869ED1A}"
EndProject
Project("{FAE04EC0-301F-11D3-BF4B-00C04F79EFBC}") = "UnionPatcher.Gui.Windows", "UnionPatcher.Gui.Windows\UnionPatcher.Gui.Windows.csproj", "{5F8CDEA2-B483-40D1-B1FB-EF8EC667185A}"
EndProject
Global
	GlobalSection(SolutionConfigurationPlatforms) = preSolution
		Debug|Any CPU = Debug|Any CPU
		Release|Any CPU = Release|Any CPU
	EndGlobalSection
	GlobalSection(ProjectConfigurationPlatforms) = postSolution
		{235B4DEC-11A0-42EF-9B8D-16529869ED1A}.Debug|Any CPU.ActiveCfg = Debug|Any CPU
		{235B4DEC-11A0-42EF-9B8D-16529869ED1A}.Debug|Any CPU.Build.0 = Debug|Any CPU
		{235B4DEC-11A0-42EF-9B8D-16529869ED1A}.Release|Any CPU.ActiveCfg = Release|Any CPU
		{235B4DEC-11A0-42EF-9B8D-16529869ED1A}.Release|Any CPU.Build.0 = Release|Any CPU
		{5F8CDEA2-B483-40D1-B1FB-EF8EC667185A}.Debug|Any CPU.ActiveCfg = Debug|Any CPU
		{5F8CDEA2-B483-40D1-B1FB-EF8EC667185A}.Debug|Any CPU.Build.0 = Debug|Any CPU
		{5F8CDEA2-B483-40D1-B1FB-EF8EC667185A}.Release|Any CPU.ActiveCfg = Release|Any CPU
		{5F8CDEA2-B483-40D1-B1FB-EF8EC667185A}.Release|Any CPU.Build.0 = Release|Any CPU
	EndGlobalSection
EndGlobal
